
Microsoft Visual Studio Solution File, Format Version 12.00
# Visual Studio Version 16
VisualStudioVersion = 16.0.30011.22
MinimumVisualStudioVersion = 10.0.40219.1
Project("{FAE04EC0-301F-11D3-BF4B-00C04F79EFBC}") = "WebApplicationTestReact", "WebApplicationTestReact\WebApplicationTestReact.csproj", "{3EE110F1-13B2-46A9-88C8-25C0FCD6C3A2}"
EndProject
Global
	GlobalSection(SolutionConfigurationPlatforms) = preSolution
		Debug|Any CPU = Debug|Any CPU
		Release|Any CPU = Release|Any CPU
	EndGlobalSection
	GlobalSection(ProjectConfigurationPlatforms) = postSolution
		{3EE110F1-13B2-46A9-88C8-25C0FCD6C3A2}.Debug|Any CPU.ActiveCfg = Debug|Any CPU
		{3EE110F1-13B2-46A9-88C8-25C0FCD6C3A2}.Debug|Any CPU.Build.0 = Debug|Any CPU
		{3EE110F1-13B2-46A9-88C8-25C0FCD6C3A2}.Release|Any CPU.ActiveCfg = Release|Any CPU
		{3EE110F1-13B2-46A9-88C8-25C0FCD6C3A2}.Release|Any CPU.Build.0 = Release|Any CPU
	EndGlobalSection
	GlobalSection(SolutionProperties) = preSolution
		HideSolutionNode = FALSE
	EndGlobalSection
	GlobalSection(ExtensibilityGlobals) = postSolution
		SolutionGuid = {B4883D2D-7978-4205-BA7C-032F0FA8ADCF}
	EndGlobalSection
EndGlobal
